
Microsoft Visual Studio Solution File, Format Version 12.00
# Visual Studio 14
VisualStudioVersion = 14.0.22609.0
MinimumVisualStudioVersion = 10.0.40219.1
Project("{2150E333-8FDC-42A3-9474-1A3956D46DE8}") = "CQRS", "CQRS", "{7A3E13E3-B75A-4BC5-B3EF-E0B90DA1312E}"
EndProject
Project("{FAE04EC0-301F-11D3-BF4B-00C04F79EFBC}") = "DataAccess", "sources\DataAccess\DataAccess.csproj", "{16991FE6-7C36-4225-8549-7F57222EF923}"
EndProject
Project("{FAE04EC0-301F-11D3-BF4B-00C04F79EFBC}") = "Dependencies", "sources\Dependencies\Dependencies.csproj", "{7D14430F-2724-4336-957D-A90C549BC588}"
EndProject
Project("{FAE04EC0-301F-11D3-BF4B-00C04F79EFBC}") = "Web", "sources\Web\Web.csproj", "{F36B016A-AAFC-42E7-BBCE-7DCC80F08317}"
EndProject
Project("{FAE04EC0-301F-11D3-BF4B-00C04F79EFBC}") = "Web.Application", "sources\Web.Application\Web.Application.csproj", "{10BE313F-298E-4930-874A-8111E549442C}"
EndProject
Project("{FAE04EC0-301F-11D3-BF4B-00C04F79EFBC}") = "Migrations", "sources\Migrations\Migrations.csproj", "{95FB3F64-9C02-43BF-9F8B-0590BB78F877}"
EndProject
Project("{2150E333-8FDC-42A3-9474-1A3956D46DE8}") = "Shared", "Shared", "{368E475A-D855-462E-8C27-15001DA2A772}"
EndProject
Project("{2150E333-8FDC-42A3-9474-1A3956D46DE8}") = "Core", "Core", "{7F475B4E-18A1-41CD-B77B-D406E4BD119F}"
EndProject
Project("{2150E333-8FDC-42A3-9474-1A3956D46DE8}") = "WebUI", "WebUI", "{91999271-6B6A-40D9-A505-47C527E6026A}"
EndProject
Project("{2150E333-8FDC-42A3-9474-1A3956D46DE8}") = "Tests", "Tests", "{599FFF93-94CD-40CE-B887-396C98737B18}"
EndProject
Project("{FAE04EC0-301F-11D3-BF4B-00C04F79EFBC}") = "Queries", "sources\Queries\Queries.csproj", "{905CF300-C1EB-41B6-9E38-0383C45FA39F}"
EndProject
Project("{FAE04EC0-301F-11D3-BF4B-00C04F79EFBC}") = "Queries.Criteria", "sources\Queries.Criteria\Queries.Criteria.csproj", "{45698149-9157-4B5D-BD43-CFB463A2F777}"
EndProject
Project("{FAE04EC0-301F-11D3-BF4B-00C04F79EFBC}") = "Commands", "sources\Commands\Commands.csproj", "{658252A6-7DF5-4BDD-B61A-7230B107ADBD}"
EndProject
Project("{FAE04EC0-301F-11D3-BF4B-00C04F79EFBC}") = "Commands.Contexts", "sources\Commands.Contexts\Commands.Contexts.csproj", "{34D1571C-13A4-4473-946B-EC478C5E83CD}"
EndProject
Project("{2150E333-8FDC-42A3-9474-1A3956D46DE8}") = "Tests", "Tests", "{0ADF1A1E-E1B6-4942-8769-5AA17395286C}"
EndProject
Project("{FAE04EC0-301F-11D3-BF4B-00C04F79EFBC}") = "Commands.Tests", "sources\Commands.Tests\Commands.Tests.csproj", "{1718A6C2-AEE6-4CAA-BC1B-30F23FF48193}"
EndProject
Project("{FAE04EC0-301F-11D3-BF4B-00C04F79EFBC}") = "Queries.Tests", "sources\Queries.Tests\Queries.Tests.csproj", "{F9C1C889-D07F-474C-921C-B367910355CE}"
EndProject
Project("{FAE04EC0-301F-11D3-BF4B-00C04F79EFBC}") = "Commands.Tests.Integration", "sources\Commands.Tests.Integration\Commands.Tests.Integration.csproj", "{E768FAE3-1EC2-4405-9B1D-11FF724C90B9}"
EndProject
Project("{FAE04EC0-301F-11D3-BF4B-00C04F79EFBC}") = "Queries.Tests.Integration", "sources\Queries.Tests.Integration\Queries.Tests.Integration.csproj", "{53FD481A-40C8-4B9F-ACEB-90ED8406E20F}"
EndProject
Project("{FAE04EC0-301F-11D3-BF4B-00C04F79EFBC}") = "Domain.Model", "sources\Domain.Model\Domain.Model.csproj", "{3B359438-4B68-421C-80B6-9CEFBAC94D7F}"
EndProject
Project("{FAE04EC0-301F-11D3-BF4B-00C04F79EFBC}") = "Domain", "sources\Domain\Domain.csproj", "{7B42A2C4-5D5F-4C86-9EFE-09425A2474CC}"
EndProject
Project("{FAE04EC0-301F-11D3-BF4B-00C04F79EFBC}") = "Domain.Model.Tests", "sources\Domain.Model.Tests\Domain.Model.Tests.csproj", "{2BE61023-E4C7-45F0-BDEC-52A1879497E6}"
EndProject
Project("{2150E333-8FDC-42A3-9474-1A3956D46DE8}") = "BackEnd", "BackEnd", "{1E06A298-3BCD-4B64-861F-E87D0B383F27}"
EndProject
Project("{2150E333-8FDC-42A3-9474-1A3956D46DE8}") = "Logic", "Logic", "{017F24A3-58D4-4F80-9F3C-CED8DD6A5699}"
EndProject
Project("{2150E333-8FDC-42A3-9474-1A3956D46DE8}") = "Tests", "Tests", "{0B9E5CCB-07AE-4D89-8F19-AD70603E8722}"
EndProject
Project("{FAE04EC0-301F-11D3-BF4B-00C04F79EFBC}") = "DataAccess.Tests", "sources\DataAccess.Tests\DataAccess.Tests.csproj", "{711E2C38-53A8-408D-B987-D57481D5DDB8}"
EndProject
Project("{FAE04EC0-301F-11D3-BF4B-00C04F79EFBC}") = "Dependencies.Tests", "sources\Dependencies.Tests\Dependencies.Tests.csproj", "{1368B3B0-358A-4C2D-9BC4-E6675D32E78E}"
EndProject
Project("{FAE04EC0-301F-11D3-BF4B-00C04F79EFBC}") = "Migrations.Tests", "sources\Migrations.Tests\Migrations.Tests.csproj", "{78223F29-01AA-4F33-8B97-9A66BD437EBF}"
EndProject
Project("{FAE04EC0-301F-11D3-BF4B-00C04F79EFBC}") = "Migrations.Tests.Integration", "sources\Migrations.Tests.Integration\Migrations.Tests.Integration.csproj", "{F0A9DED8-1C11-475B-B920-9B8A0A5C3DF7}"
EndProject
Project("{FAE04EC0-301F-11D3-BF4B-00C04F79EFBC}") = "Services.Common", "sources\Services.Common\Services.Common.csproj", "{3B799D15-3913-4C10-A72A-87E992BDAC67}"
EndProject
Project("{FAE04EC0-301F-11D3-BF4B-00C04F79EFBC}") = "Services.Conventions", "sources\Services.Conventions\Services.Conventions.csproj", "{3C975E4A-4DC9-44D4-B4A4-96BC73F2EF57}"
EndProject
Project("{2150E333-8FDC-42A3-9474-1A3956D46DE8}") = "Tests", "Tests", "{839CB7F0-CF17-4F70-812E-992687F7814C}"
EndProject
Project("{FAE04EC0-301F-11D3-BF4B-00C04F79EFBC}") = "Services.Common.Tests", "sources\Services.Common.Tests\Services.Common.Tests.csproj", "{EF6FF4EA-0657-4353-BA3E-D3F2E928AE2F}"
EndProject
Global
	GlobalSection(SolutionConfigurationPlatforms) = preSolution
		Debug|Any CPU = Debug|Any CPU
		Release|Any CPU = Release|Any CPU
	EndGlobalSection
	GlobalSection(ProjectConfigurationPlatforms) = postSolution
		{16991FE6-7C36-4225-8549-7F57222EF923}.Debug|Any CPU.ActiveCfg = Debug|Any CPU
		{16991FE6-7C36-4225-8549-7F57222EF923}.Debug|Any CPU.Build.0 = Debug|Any CPU
		{16991FE6-7C36-4225-8549-7F57222EF923}.Release|Any CPU.ActiveCfg = Release|Any CPU
		{16991FE6-7C36-4225-8549-7F57222EF923}.Release|Any CPU.Build.0 = Release|Any CPU
		{7D14430F-2724-4336-957D-A90C549BC588}.Debug|Any CPU.ActiveCfg = Debug|Any CPU
		{7D14430F-2724-4336-957D-A90C549BC588}.Debug|Any CPU.Build.0 = Debug|Any CPU
		{7D14430F-2724-4336-957D-A90C549BC588}.Release|Any CPU.ActiveCfg = Release|Any CPU
		{7D14430F-2724-4336-957D-A90C549BC588}.Release|Any CPU.Build.0 = Release|Any CPU
		{F36B016A-AAFC-42E7-BBCE-7DCC80F08317}.Debug|Any CPU.ActiveCfg = Debug|Any CPU
		{F36B016A-AAFC-42E7-BBCE-7DCC80F08317}.Debug|Any CPU.Build.0 = Debug|Any CPU
		{F36B016A-AAFC-42E7-BBCE-7DCC80F08317}.Release|Any CPU.ActiveCfg = Release|Any CPU
		{F36B016A-AAFC-42E7-BBCE-7DCC80F08317}.Release|Any CPU.Build.0 = Release|Any CPU
		{10BE313F-298E-4930-874A-8111E549442C}.Debug|Any CPU.ActiveCfg = Debug|Any CPU
		{10BE313F-298E-4930-874A-8111E549442C}.Debug|Any CPU.Build.0 = Debug|Any CPU
		{10BE313F-298E-4930-874A-8111E549442C}.Release|Any CPU.ActiveCfg = Release|Any CPU
		{10BE313F-298E-4930-874A-8111E549442C}.Release|Any CPU.Build.0 = Release|Any CPU
		{95FB3F64-9C02-43BF-9F8B-0590BB78F877}.Debug|Any CPU.ActiveCfg = Debug|Any CPU
		{95FB3F64-9C02-43BF-9F8B-0590BB78F877}.Debug|Any CPU.Build.0 = Debug|Any CPU
		{95FB3F64-9C02-43BF-9F8B-0590BB78F877}.Release|Any CPU.ActiveCfg = Release|Any CPU
		{95FB3F64-9C02-43BF-9F8B-0590BB78F877}.Release|Any CPU.Build.0 = Release|Any CPU
		{905CF300-C1EB-41B6-9E38-0383C45FA39F}.Debug|Any CPU.ActiveCfg = Debug|Any CPU
		{905CF300-C1EB-41B6-9E38-0383C45FA39F}.Debug|Any CPU.Build.0 = Debug|Any CPU
		{905CF300-C1EB-41B6-9E38-0383C45FA39F}.Release|Any CPU.ActiveCfg = Release|Any CPU
		{905CF300-C1EB-41B6-9E38-0383C45FA39F}.Release|Any CPU.Build.0 = Release|Any CPU
		{45698149-9157-4B5D-BD43-CFB463A2F777}.Debug|Any CPU.ActiveCfg = Debug|Any CPU
		{45698149-9157-4B5D-BD43-CFB463A2F777}.Debug|Any CPU.Build.0 = Debug|Any CPU
		{45698149-9157-4B5D-BD43-CFB463A2F777}.Release|Any CPU.ActiveCfg = Release|Any CPU
		{45698149-9157-4B5D-BD43-CFB463A2F777}.Release|Any CPU.Build.0 = Release|Any CPU
		{658252A6-7DF5-4BDD-B61A-7230B107ADBD}.Debug|Any CPU.ActiveCfg = Debug|Any CPU
		{658252A6-7DF5-4BDD-B61A-7230B107ADBD}.Debug|Any CPU.Build.0 = Debug|Any CPU
		{658252A6-7DF5-4BDD-B61A-7230B107ADBD}.Release|Any CPU.ActiveCfg = Release|Any CPU
		{658252A6-7DF5-4BDD-B61A-7230B107ADBD}.Release|Any CPU.Build.0 = Release|Any CPU
		{34D1571C-13A4-4473-946B-EC478C5E83CD}.Debug|Any CPU.ActiveCfg = Debug|Any CPU
		{34D1571C-13A4-4473-946B-EC478C5E83CD}.Debug|Any CPU.Build.0 = Debug|Any CPU
		{34D1571C-13A4-4473-946B-EC478C5E83CD}.Release|Any CPU.ActiveCfg = Release|Any CPU
		{34D1571C-13A4-4473-946B-EC478C5E83CD}.Release|Any CPU.Build.0 = Release|Any CPU
		{1718A6C2-AEE6-4CAA-BC1B-30F23FF48193}.Debug|Any CPU.ActiveCfg = Debug|Any CPU
		{1718A6C2-AEE6-4CAA-BC1B-30F23FF48193}.Debug|Any CPU.Build.0 = Debug|Any CPU
		{1718A6C2-AEE6-4CAA-BC1B-30F23FF48193}.Release|Any CPU.ActiveCfg = Release|Any CPU
		{1718A6C2-AEE6-4CAA-BC1B-30F23FF48193}.Release|Any CPU.Build.0 = Release|Any CPU
		{F9C1C889-D07F-474C-921C-B367910355CE}.Debug|Any CPU.ActiveCfg = Debug|Any CPU
		{F9C1C889-D07F-474C-921C-B367910355CE}.Debug|Any CPU.Build.0 = Debug|Any CPU
		{F9C1C889-D07F-474C-921C-B367910355CE}.Release|Any CPU.ActiveCfg = Release|Any CPU
		{F9C1C889-D07F-474C-921C-B367910355CE}.Release|Any CPU.Build.0 = Release|Any CPU
		{E768FAE3-1EC2-4405-9B1D-11FF724C90B9}.Debug|Any CPU.ActiveCfg = Debug|Any CPU
		{E768FAE3-1EC2-4405-9B1D-11FF724C90B9}.Debug|Any CPU.Build.0 = Debug|Any CPU
		{E768FAE3-1EC2-4405-9B1D-11FF724C90B9}.Release|Any CPU.ActiveCfg = Release|Any CPU
		{E768FAE3-1EC2-4405-9B1D-11FF724C90B9}.Release|Any CPU.Build.0 = Release|Any CPU
		{53FD481A-40C8-4B9F-ACEB-90ED8406E20F}.Debug|Any CPU.ActiveCfg = Debug|Any CPU
		{53FD481A-40C8-4B9F-ACEB-90ED8406E20F}.Debug|Any CPU.Build.0 = Debug|Any CPU
		{53FD481A-40C8-4B9F-ACEB-90ED8406E20F}.Release|Any CPU.ActiveCfg = Release|Any CPU
		{53FD481A-40C8-4B9F-ACEB-90ED8406E20F}.Release|Any CPU.Build.0 = Release|Any CPU
		{3B359438-4B68-421C-80B6-9CEFBAC94D7F}.Debug|Any CPU.ActiveCfg = Debug|Any CPU
		{3B359438-4B68-421C-80B6-9CEFBAC94D7F}.Debug|Any CPU.Build.0 = Debug|Any CPU
		{3B359438-4B68-421C-80B6-9CEFBAC94D7F}.Release|Any CPU.ActiveCfg = Release|Any CPU
		{3B359438-4B68-421C-80B6-9CEFBAC94D7F}.Release|Any CPU.Build.0 = Release|Any CPU
		{7B42A2C4-5D5F-4C86-9EFE-09425A2474CC}.Debug|Any CPU.ActiveCfg = Debug|Any CPU
		{7B42A2C4-5D5F-4C86-9EFE-09425A2474CC}.Debug|Any CPU.Build.0 = Debug|Any CPU
		{7B42A2C4-5D5F-4C86-9EFE-09425A2474CC}.Release|Any CPU.ActiveCfg = Release|Any CPU
		{7B42A2C4-5D5F-4C86-9EFE-09425A2474CC}.Release|Any CPU.Build.0 = Release|Any CPU
		{2BE61023-E4C7-45F0-BDEC-52A1879497E6}.Debug|Any CPU.ActiveCfg = Debug|Any CPU
		{2BE61023-E4C7-45F0-BDEC-52A1879497E6}.Debug|Any CPU.Build.0 = Debug|Any CPU
		{2BE61023-E4C7-45F0-BDEC-52A1879497E6}.Release|Any CPU.ActiveCfg = Release|Any CPU
		{2BE61023-E4C7-45F0-BDEC-52A1879497E6}.Release|Any CPU.Build.0 = Release|Any CPU
		{711E2C38-53A8-408D-B987-D57481D5DDB8}.Debug|Any CPU.ActiveCfg = Debug|Any CPU
		{711E2C38-53A8-408D-B987-D57481D5DDB8}.Debug|Any CPU.Build.0 = Debug|Any CPU
		{711E2C38-53A8-408D-B987-D57481D5DDB8}.Release|Any CPU.ActiveCfg = Release|Any CPU
		{711E2C38-53A8-408D-B987-D57481D5DDB8}.Release|Any CPU.Build.0 = Release|Any CPU
		{1368B3B0-358A-4C2D-9BC4-E6675D32E78E}.Debug|Any CPU.ActiveCfg = Debug|Any CPU
		{1368B3B0-358A-4C2D-9BC4-E6675D32E78E}.Debug|Any CPU.Build.0 = Debug|Any CPU
		{1368B3B0-358A-4C2D-9BC4-E6675D32E78E}.Release|Any CPU.ActiveCfg = Release|Any CPU
		{1368B3B0-358A-4C2D-9BC4-E6675D32E78E}.Release|Any CPU.Build.0 = Release|Any CPU
		{78223F29-01AA-4F33-8B97-9A66BD437EBF}.Debug|Any CPU.ActiveCfg = Debug|Any CPU
		{78223F29-01AA-4F33-8B97-9A66BD437EBF}.Debug|Any CPU.Build.0 = Debug|Any CPU
		{78223F29-01AA-4F33-8B97-9A66BD437EBF}.Release|Any CPU.ActiveCfg = Release|Any CPU
		{78223F29-01AA-4F33-8B97-9A66BD437EBF}.Release|Any CPU.Build.0 = Release|Any CPU
		{F0A9DED8-1C11-475B-B920-9B8A0A5C3DF7}.Debug|Any CPU.ActiveCfg = Debug|Any CPU
		{F0A9DED8-1C11-475B-B920-9B8A0A5C3DF7}.Debug|Any CPU.Build.0 = Debug|Any CPU
		{F0A9DED8-1C11-475B-B920-9B8A0A5C3DF7}.Release|Any CPU.ActiveCfg = Release|Any CPU
		{F0A9DED8-1C11-475B-B920-9B8A0A5C3DF7}.Release|Any CPU.Build.0 = Release|Any CPU
		{3B799D15-3913-4C10-A72A-87E992BDAC67}.Debug|Any CPU.ActiveCfg = Debug|Any CPU
		{3B799D15-3913-4C10-A72A-87E992BDAC67}.Debug|Any CPU.Build.0 = Debug|Any CPU
		{3B799D15-3913-4C10-A72A-87E992BDAC67}.Release|Any CPU.ActiveCfg = Release|Any CPU
		{3B799D15-3913-4C10-A72A-87E992BDAC67}.Release|Any CPU.Build.0 = Release|Any CPU
		{3C975E4A-4DC9-44D4-B4A4-96BC73F2EF57}.Debug|Any CPU.ActiveCfg = Debug|Any CPU
		{3C975E4A-4DC9-44D4-B4A4-96BC73F2EF57}.Debug|Any CPU.Build.0 = Debug|Any CPU
		{3C975E4A-4DC9-44D4-B4A4-96BC73F2EF57}.Release|Any CPU.ActiveCfg = Release|Any CPU
		{3C975E4A-4DC9-44D4-B4A4-96BC73F2EF57}.Release|Any CPU.Build.0 = Release|Any CPU
		{EF6FF4EA-0657-4353-BA3E-D3F2E928AE2F}.Debug|Any CPU.ActiveCfg = Debug|Any CPU
		{EF6FF4EA-0657-4353-BA3E-D3F2E928AE2F}.Debug|Any CPU.Build.0 = Debug|Any CPU
		{EF6FF4EA-0657-4353-BA3E-D3F2E928AE2F}.Release|Any CPU.ActiveCfg = Release|Any CPU
		{EF6FF4EA-0657-4353-BA3E-D3F2E928AE2F}.Release|Any CPU.Build.0 = Release|Any CPU
	EndGlobalSection
	GlobalSection(SolutionProperties) = preSolution
		HideSolutionNode = FALSE
	EndGlobalSection
	GlobalSection(NestedProjects) = preSolution
		{16991FE6-7C36-4225-8549-7F57222EF923} = {368E475A-D855-462E-8C27-15001DA2A772}
		{7D14430F-2724-4336-957D-A90C549BC588} = {368E475A-D855-462E-8C27-15001DA2A772}
		{F36B016A-AAFC-42E7-BBCE-7DCC80F08317} = {91999271-6B6A-40D9-A505-47C527E6026A}
		{10BE313F-298E-4930-874A-8111E549442C} = {91999271-6B6A-40D9-A505-47C527E6026A}
		{95FB3F64-9C02-43BF-9F8B-0590BB78F877} = {368E475A-D855-462E-8C27-15001DA2A772}
		{599FFF93-94CD-40CE-B887-396C98737B18} = {7F475B4E-18A1-41CD-B77B-D406E4BD119F}
		{905CF300-C1EB-41B6-9E38-0383C45FA39F} = {7A3E13E3-B75A-4BC5-B3EF-E0B90DA1312E}
		{45698149-9157-4B5D-BD43-CFB463A2F777} = {7A3E13E3-B75A-4BC5-B3EF-E0B90DA1312E}
		{658252A6-7DF5-4BDD-B61A-7230B107ADBD} = {7A3E13E3-B75A-4BC5-B3EF-E0B90DA1312E}
		{34D1571C-13A4-4473-946B-EC478C5E83CD} = {7A3E13E3-B75A-4BC5-B3EF-E0B90DA1312E}
		{0ADF1A1E-E1B6-4942-8769-5AA17395286C} = {7A3E13E3-B75A-4BC5-B3EF-E0B90DA1312E}
		{1718A6C2-AEE6-4CAA-BC1B-30F23FF48193} = {0ADF1A1E-E1B6-4942-8769-5AA17395286C}
		{F9C1C889-D07F-474C-921C-B367910355CE} = {0ADF1A1E-E1B6-4942-8769-5AA17395286C}
		{E768FAE3-1EC2-4405-9B1D-11FF724C90B9} = {0ADF1A1E-E1B6-4942-8769-5AA17395286C}
		{53FD481A-40C8-4B9F-ACEB-90ED8406E20F} = {0ADF1A1E-E1B6-4942-8769-5AA17395286C}
		{3B359438-4B68-421C-80B6-9CEFBAC94D7F} = {7F475B4E-18A1-41CD-B77B-D406E4BD119F}
		{7B42A2C4-5D5F-4C86-9EFE-09425A2474CC} = {7F475B4E-18A1-41CD-B77B-D406E4BD119F}
		{2BE61023-E4C7-45F0-BDEC-52A1879497E6} = {599FFF93-94CD-40CE-B887-396C98737B18}
		{0B9E5CCB-07AE-4D89-8F19-AD70603E8722} = {368E475A-D855-462E-8C27-15001DA2A772}
		{711E2C38-53A8-408D-B987-D57481D5DDB8} = {0B9E5CCB-07AE-4D89-8F19-AD70603E8722}
		{1368B3B0-358A-4C2D-9BC4-E6675D32E78E} = {0B9E5CCB-07AE-4D89-8F19-AD70603E8722}
		{78223F29-01AA-4F33-8B97-9A66BD437EBF} = {0B9E5CCB-07AE-4D89-8F19-AD70603E8722}
		{F0A9DED8-1C11-475B-B920-9B8A0A5C3DF7} = {0B9E5CCB-07AE-4D89-8F19-AD70603E8722}
		{3B799D15-3913-4C10-A72A-87E992BDAC67} = {017F24A3-58D4-4F80-9F3C-CED8DD6A5699}
		{3C975E4A-4DC9-44D4-B4A4-96BC73F2EF57} = {017F24A3-58D4-4F80-9F3C-CED8DD6A5699}
		{839CB7F0-CF17-4F70-812E-992687F7814C} = {017F24A3-58D4-4F80-9F3C-CED8DD6A5699}
		{EF6FF4EA-0657-4353-BA3E-D3F2E928AE2F} = {839CB7F0-CF17-4F70-812E-992687F7814C}
	EndGlobalSection
EndGlobal
